// !$*UTF8*$!
{
	archiveVersion = 1;
	classes = {
	};
	objectVersion = 46;
	objects = {

/* Begin PBXBuildFile section */
		04DD34871D794E250056D6B7 /* main.m in Sources */ = {isa = PBXBuildFile; fileRef = 04DD34861D794E250056D6B7 /* main.m */; };
		04DD348A1D794E250056D6B7 /* AppDelegate.m in Sources */ = {isa = PBXBuildFile; fileRef = 04DD34891D794E250056D6B7 /* AppDelegate.m */; };
		04DD348D1D794E250056D6B7 /* ViewController.m in Sources */ = {isa = PBXBuildFile; fileRef = 04DD348C1D794E250056D6B7 /* ViewController.m */; };
		04DD34901D794E250056D6B7 /* Main.storyboard in Resources */ = {isa = PBXBuildFile; fileRef = 04DD348E1D794E250056D6B7 /* Main.storyboard */; };
		04DD34921D794E250056D6B7 /* Assets.xcassets in Resources */ = {isa = PBXBuildFile; fileRef = 04DD34911D794E250056D6B7 /* Assets.xcassets */; };
		04DD34951D794E250056D6B7 /* LaunchScreen.storyboard in Resources */ = {isa = PBXBuildFile; fileRef = 04DD34931D794E250056D6B7 /* LaunchScreen.storyboard */; };
		04DD349D1D7952110056D6B7 /* poinTto.png in Resources */ = {isa = PBXBuildFile; fileRef = 04DD349C1D7952110056D6B7 /* poinTto.png */; };
/* End PBXBuildFile section */

/* Begin PBXFileReference section */
		04DD34821D794E250056D6B7 /* Commpass.app */ = {isa = PBXFileReference; explicitFileType = wrapper.application; includeInIndex = 0; path = Commpass.app; sourceTree = BUILT_PRODUCTS_DIR; };
		04DD34861D794E250056D6B7 /* main.m */ = {isa = PBXFileReference; lastKnownFileType = sourcecode.c.objc; path = main.m; sourceTree = "<group>"; };
		04DD34881D794E250056D6B7 /* AppDelegate.h */ = {isa = PBXFileReference; lastKnownFileType = sourcecode.c.h; path = AppDelegate.h; sourceTree = "<group>"; };
		04DD34891D794E250056D6B7 /* AppDelegate.m */ = {isa = PBXFileReference; lastKnownFileType = sourcecode.c.objc; path = AppDelegate.m; sourceTree = "<group>"; };
		04DD348B1D794E250056D6B7 /* ViewController.h */ = {isa = PBXFileReference; lastKnownFileType = sourcecode.c.h; path = ViewController.h; sourceTree = "<group>"; };
		04DD348C1D794E250056D6B7 /* ViewController.m */ = {isa = PBXFileReference; lastKnownFileType = sourcecode.c.objc; path = ViewController.m; sourceTree = "<group>"; };
		04DD348F1D794E250056D6B7 /* Base */ = {isa = PBXFileReference; lastKnownFileType = file.storyboard; name = Base; path = Base.lproj/Main.storyboard; sourceTree = "<group>"; };
		04DD34911D794E250056D6B7 /* Assets.xcassets */ = {isa = PBXFileReference; lastKnownFileType = folder.assetcatalog; path = Assets.xcassets; sourceTree = "<group>"; };
		04DD34941D794E250056D6B7 /* Base */ = {isa = PBXFileReference; lastKnownFileType = file.storyboard; name = Base; path = Base.lproj/LaunchScreen.storyboard; sourceTree = "<group>"; };
		04DD34961D794E250056D6B7 /* Info.plist */ = {isa = PBXFileReference; lastKnownFileType = text.plist.xml; path = Info.plist; sourceTree = "<group>"; };
		04DD349C1D7952110056D6B7 /* poinTto.png */ = {isa = PBXFileReference; lastKnownFileType = image.png; path = poinTto.png; sourceTree = "<group>"; };
/* End PBXFileReference section */

/* Begin PBXFrameworksBuildPhase section */
		04DD347F1D794E250056D6B7 /* Frameworks */ = {
			isa = PBXFrameworksBuildPhase;
			buildActionMask = 2147483647;
			files = (
			);
			runOnlyForDeploymentPostprocessing = 0;
		};
/* End PBXFrameworksBuildPhase section */

/* Begin PBXGroup section */
		04DD34791D794E250056D6B7 = {
			isa = PBXGroup;
			children = (
				04DD34841D794E250056D6B7 /* Commpass */,
				04DD34831D794E250056D6B7 /* Products */,
			);
			sourceTree = "<group>";
		};
		04DD34831D794E250056D6B7 /* Products */ = {
			isa = PBXGroup;
			children = (
				04DD34821D794E250056D6B7 /* Commpass.app */,
			);
			name = Products;
			sourceTree = "<group>";
		};
		04DD34841D794E250056D6B7 /* Commpass */ = {
			isa = PBXGroup;
			children = (
				04DD349C1D7952110056D6B7 /* poinTto.png */,
				04DD34881D794E250056D6B7 /* AppDelegate.h */,
				04DD34891D794E250056D6B7 /* AppDelegate.m */,
				04DD348B1D794E250056D6B7 /* ViewController.h */,
				04DD348C1D794E250056D6B7 /* ViewController.m */,
				04DD348E1D794E250056D6B7 /* Main.storyboard */,
				04DD34911D794E250056D6B7 /* Assets.xcassets */,
				04DD34931D794E250056D6B7 /* LaunchScreen.storyboard */,
				04DD34961D794E250056D6B7 /* Info.plist */,
				04DD34851D794E250056D6B7 /* Supporting Files */,
			);
			path = Commpass;
			sourceTree = "<group>";
		};
		04DD34851D794E250056D6B7 /* Supporting Files */ = {
			isa = PBXGroup;
			children = (
				04DD34861D794E250056D6B7 /* main.m */,
			);
			name = "Supporting Files";
			sourceTree = "<group>";
		};
/* End PBXGroup section */

/* Begin PBXNativeTarget section */
		04DD34811D794E250056D6B7 /* Commpass */ = {
			isa = PBXNativeTarget;
			buildConfigurationList = 04DD34991D794E250056D6B7 /* Build configuration list for PBXNativeTarget "Commpass" */;
			buildPhases = (
				04DD347E1D794E250056D6B7 /* Sources */,
				04DD347F1D794E250056D6B7 /* Frameworks */,
				04DD34801D794E250056D6B7 /* Resources */,
			);
			buildRules = (
			);
			dependencies = (
			);
			name = Commpass;
			productName = Commpass;
			productReference = 04DD34821D794E250056D6B7 /* Commpass.app */;
			productType = "com.apple.product-type.application";
		};
/* End PBXNativeTarget section */

/* Begin PBXProject section */
		04DD347A1D794E250056D6B7 /* Project object */ = {
			isa = PBXProject;
			attributes = {
				LastUpgradeCheck = 0730;
				ORGANIZATIONNAME = CYC;
				TargetAttributes = {
					04DD34811D794E250056D6B7 = {
						CreatedOnToolsVersion = 7.3.1;
						DevelopmentTeam = WU3DD344F3;
					};
				};
			};
			buildConfigurationList = 04DD347D1D794E250056D6B7 /* Build configuration list for PBXProject "Commpass" */;
			compatibilityVersion = "Xcode 3.2";
			developmentRegion = English;
			hasScannedForEncodings = 0;
			knownRegions = (
				en,
				Base,
			);
			mainGroup = 04DD34791D794E250056D6B7;
			productRefGroup = 04DD34831D794E250056D6B7 /* Products */;
			projectDirPath = "";
			projectRoot = "";
			targets = (
				04DD34811D794E250056D6B7 /* Commpass */,
			);
		};
/* End PBXProject section */

/* Begin PBXResourcesBuildPhase section */
		04DD34801D794E250056D6B7 /* Resources */ = {
			isa = PBXResourcesBuildPhase;
			buildActionMask = 2147483647;
			files = (
				04DD34951D794E250056D6B7 /* LaunchScreen.storyboard in Resources */,
				04DD34921D794E250056D6B7 /* Assets.xcassets in Resources */,
				04DD34901D794E250056D6B7 /* Main.storyboard in Resources */,
				04DD349D1D7952110056D6B7 /* poinTto.png in Resources */,
			);
			runOnlyForDeploymentPostprocessing = 0;
		};
/* End PBXResourcesBuildPhase section */

/* Begin PBXSourcesBuildPhase section */
		04DD347E1D794E250056D6B7 /* Sources */ = {
			isa = PBXSourcesBuildPhase;
			buildActionMask = 2147483647;
			files = (
				04DD348D1D794E250056D6B7 /* ViewController.m in Sources */,
				04DD348A1D794E250056D6B7 /* AppDelegate.m in Sources */,
				04DD34871D794E250056D6B7 /* main.m in Sources */,
			);
			runOnlyForDeploymentPostprocessing = 0;
		};
/* End PBXSourcesBuildPhase section */

/* Begin PBXVariantGroup section */
		04DD348E1D794E250056D6B7 /* Main.storyboard */ = {
			isa = PBXVariantGroup;
			children = (
				04DD348F1D794E250056D6B7 /* Base */,
			);
			name = Main.storyboard;
			sourceTree = "<group>";
		};
		04DD34931D794E250056D6B7 /* LaunchScreen.storyboard */ = {
			isa = PBXVariantGroup;
			children = (
				04DD34941D794E250056D6B7 /* Base */,
			);
			name = LaunchScreen.storyboard;
			sourceTree = "<group>";
		};
/* End PBXVariantGroup section */

/* Begin XCBuildConfiguration section */
		04DD34971D794E250056D6B7 /* Debug */ = {
			isa = XCBuildConfiguration;
			buildSettings = {
				ALWAYS_SEARCH_USER_PATHS = NO;
				CLANG_ANALYZER_NONNULL = YES;
				CLANG_CXX_LANGUAGE_STANDARD = "gnu++0x";
				CLANG_CXX_LIBRARY = "libc++";
				CLANG_ENABLE_MODULES = YES;
				CLANG_ENABLE_OBJC_ARC = YES;
				CLANG_WARN_BOOL_CONVERSION = YES;
				CLANG_WARN_CONSTANT_CONVERSION = YES;
				CLANG_WARN_DIRECT_OBJC_ISA_USAGE = YES_ERROR;
				CLANG_WARN_EMPTY_BODY = YES;
				CLANG_WARN_ENUM_CONVERSION = YES;
				CLANG_WARN_INT_CONVERSION = YES;
				CLANG_WARN_OBJC_ROOT_CLASS = YES_ERROR;
				CLANG_WARN_UNREACHABLE_CODE = YES;
				CLANG_WARN__DUPLICATE_METHOD_MATCH = YES;
				"CODE_SIGN_IDENTITY[sdk=iphoneos*]" = "iPhone Developer";
				COPY_PHASE_STRIP = NO;
				DEBUG_INFORMATION_FORMAT = dwarf;
				ENABLE_STRICT_OBJC_MSGSEND = YES;
				ENABLE_TESTABILITY = YES;
				GCC_C_LANGUAGE_STANDARD = gnu99;
				GCC_DYNAMIC_NO_PIC = NO;
				GCC_NO_COMMON_BLOCKS = YES;
				GCC_OPTIMIZATION_LEVEL = 0;
				GCC_PREPROCESSOR_DEFINITIONS = (
					"DEBUG=1",
					"$(inherited)",
				);
				GCC_WARN_64_TO_32_BIT_CONVERSION = YES;
				GCC_WARN_ABOUT_RETURN_TYPE = YES_ERROR;
				GCC_WARN_UNDECLARED_SELECTOR = YES;
				GCC_WARN_UNINITIALIZED_AUTOS = YES_AGGRESSIVE;
				GCC_WARN_UNUSED_FUNCTION = YES;
				GCC_WARN_UNUSED_VARIABLE = YES;
				IPHONEOS_DEPLOYMENT_TARGET = 9.3;
				MTL_ENABLE_DEBUG_INFO = YES;
				ONLY_ACTIVE_ARCH = YES;
				SDKROOT = iphoneos;
			};
			name = Debug;
		};
		04DD34981D794E250056D6B7 /* Release */ = {
			isa = XCBuildConfiguration;
			buildSettings = {
				ALWAYS_SEARCH_USER_PATHS = NO;
				CLANG_ANALYZER_NONNULL = YES;
				CLANG_CXX_LANGUAGE_STANDARD = "gnu++0x";
				CLANG_CXX_LIBRARY = "libc++";
				CLANG_ENABLE_MODULES = YES;
				CLANG_ENABLE_OBJC_ARC = YES;
				CLANG_WARN_BOOL_CONVERSION = YES;
				CLANG_WARN_CONSTANT_CONVERSION = YES;
				CLANG_WARN_DIRECT_OBJC_ISA_USAGE = YES_ERROR;
				CLANG_WARN_EMPTY_BODY = YES;
				CLANG_WARN_ENUM_CONVERSION = YES;
				CLANG_WARN_INT_CONVERSION = YES;
				CLANG_WARN_OBJC_ROOT_CLASS = YES_ERROR;
				CLANG_WARN_UNREACHABLE_CODE = YES;
				CLANG_WARN__DUPLICATE_METHOD_MATCH = YES;
				"CODE_SIGN_IDENTITY[sdk=iphoneos*]" = "iPhone Developer";
				COPY_PHASE_STRIP = NO;
				DEBUG_INFORMATION_FORMAT = "dwarf-with-dsym";
				ENABLE_NS_ASSERTIONS = NO;
				ENABLE_STRICT_OBJC_MSGSEND = YES;
				GCC_C_LANGUAGE_STANDARD = gnu99;
				GCC_NO_COMMON_BLOCKS = YES;
				GCC_WARN_64_TO_32_BIT_CONVERSION = YES;
				GCC_WARN_ABOUT_RETURN_TYPE = YES_ERROR;
				GCC_WARN_UNDECLARED_SELECTOR = YES;
				GCC_WARN_UNINITIALIZED_AUTOS = YES_AGGRESSIVE;
				GCC_WARN_UNUSED_FUNCTION = YES;
				GCC_WARN_UNUSED_VARIABLE = YES;
				IPHONEOS_DEPLOYMENT_TARGET = 9.3;
				MTL_ENABLE_DEBUG_INFO = NO;
				SDKROOT = iphoneos;
				VALIDATE_PRODUCT = YES;
			};
			name = Release;
		};
		04DD349A1D794E250056D6B7 /* Debug */ = {
			isa = XCBuildConfiguration;
			buildSettings = {
				ASSETCATALOG_COMPILER_APPICON_NAME = AppIcon;
				INFOPLIST_FILE = Commpass/Info.plist;
				LD_RUNPATH_SEARCH_PATHS = "$(inherited) @executable_path/Frameworks";
				PRODUCT_BUNDLE_IDENTIFIER = com.CYC.Commpass;
				PRODUCT_NAME = "$(TARGET_NAME)";
			};
			name = Debug;
		};
		04DD349B1D794E250056D6B7 /* Release */ = {
			isa = XCBuildConfiguration;
			buildSettings = {
				ASSETCATALOG_COMPILER_APPICON_NAME = AppIcon;
				INFOPLIST_FILE = Commpass/Info.plist;
				LD_RUNPATH_SEARCH_PATHS = "$(inherited) @executable_path/Frameworks";
				PRODUCT_BUNDLE_IDENTIFIER = com.CYC.Commpass;
				PRODUCT_NAME = "$(TARGET_NAME)";
			};
			name = Release;
		};
/* End XCBuildConfiguration section */

/* Begin XCConfigurationList section */
		04DD347D1D794E250056D6B7 /* Build configuration list for PBXProject "Commpass" */ = {
			isa = XCConfigurationList;
			buildConfigurations = (
				04DD34971D794E250056D6B7 /* Debug */,
				04DD34981D794E250056D6B7 /* Release */,
			);
			defaultConfigurationIsVisible = 0;
			defaultConfigurationName = Release;
		};
		04DD34991D794E250056D6B7 /* Build configuration list for PBXNativeTarget "Commpass" */ = {
			isa = XCConfigurationList;
			buildConfigurations = (
				04DD349A1D794E250056D6B7 /* Debug */,
				04DD349B1D794E250056D6B7 /* Release */,
			);
			defaultConfigurationIsVisible = 0;
		};
/* End XCConfigurationList section */
	};
	rootObject = 04DD347A1D794E250056D6B7 /* Project object */;
}
